
Microsoft Visual Studio Solution File, Format Version 12.00
# Visual Studio Version 17
VisualStudioVersion = 17.9.34407.89
MinimumVisualStudioVersion = 10.0.40219.1
Project("{FAE04EC0-301F-11D3-BF4B-00C04F79EFBC}") = "BankAPI", "BankAPI\BankAPI.csproj", "{2B0D49DB-9E8A-41B6-BAA2-690353A16693}"
EndProject
Global
	GlobalSection(SolutionConfigurationPlatforms) = preSolution
		Debug|Any CPU = Debug|Any CPU
		Release|Any CPU = Release|Any CPU
	EndGlobalSection
	GlobalSection(ProjectConfigurationPlatforms) = postSolution
		{2B0D49DB-9E8A-41B6-BAA2-690353A16693}.Debug|Any CPU.ActiveCfg = Debug|Any CPU
		{2B0D49DB-9E8A-41B6-BAA2-690353A16693}.Debug|Any CPU.Build.0 = Debug|Any CPU
		{2B0D49DB-9E8A-41B6-BAA2-690353A16693}.Release|Any CPU.ActiveCfg = Release|Any CPU
		{2B0D49DB-9E8A-41B6-BAA2-690353A16693}.Release|Any CPU.Build.0 = Release|Any CPU
	EndGlobalSection
	GlobalSection(SolutionProperties) = preSolution
		HideSolutionNode = FALSE
	EndGlobalSection
	GlobalSection(ExtensibilityGlobals) = postSolution
		SolutionGuid = {65E137FF-E34F-4EC1-9B4F-D10EEECAD981}
	EndGlobalSection
EndGlobal
